{
    "_readme": [
        "This file locks the dependencies of your project to a known state",
        "Read more about it at https://getcomposer.org/doc/01-basic-usage.md#installing-dependencies",
        "This file is @generated automatically"
    ],
    "content-hash": "8ab6570d229329c69e9c66ece32c56bc",
    "packages": [
        {
            "name": "chency147/cli-message",
            "version": "0.1.1",
            "source": {
                "type": "git",
                "url": "https://github.com/chency147/cli-message.git",
                "reference": "325131f0d1351cf53d64a24b46e0397035422e8e"
            },
            "dist": {
                "type": "zip",
                "url": "https://api.github.com/repos/chency147/cli-message/zipball/325131f0d1351cf53d64a24b46e0397035422e8e",
                "reference": "325131f0d1351cf53d64a24b46e0397035422e8e",
                "shasum": ""
            },
            "require": {
                "php": ">=5.4.0"
            },
            "type": "library",
            "autoload": {
                "psr-4": {
                    "Chency147\\CliMessage\\": "src/"
                }
            },
            "notification-url": "https://packagist.org/downloads/",
            "license": [
                "MIT"
            ],
            "authors": [
                {
                    "name": "Rick Chen",
                    "email": "313797922@qq.com"
                }
            ],
            "description": "A tool to make the output of command line colorful.",
            "time": "2018-08-28T01:15:36+00:00"
        },
        {
            "name": "julibo/msfoole-core",
            "version": "dev-develop",
            "source": {
                "type": "git",
                "url": "https://github.com/julibo/msfoole-core.git",
                "reference": "04452a1b7a12eaf9bf66fdae774ff7ca0f9de0fe"
            },
            "dist": {
                "type": "zip",
                "url": "https://api.github.com/repos/julibo/msfoole-core/zipball/04452a1b7a12eaf9bf66fdae774ff7ca0f9de0fe",
                "reference": "04452a1b7a12eaf9bf66fdae774ff7ca0f9de0fe",
                "shasum": ""
            },
            "require": {
                "chency147/cli-message": "~0.1.1",
                "ext-swoole": "~4.2.12",
                "php": ">=7.2.6",
                "symfony/console": "~4.2.3",
                "symfony/yaml": "~4.2.3",
                "topthink/think-cache": "dev-master",
                "topthink/think-container": "dev-master",
                "topthink/think-helper": "dev-master",
                "topthink/think-log": "dev-master",
                "topthink/think-orm": "dev-master",
                "topthink/think-validate": "dev-master"
            },
            "type": "library",
            "autoload": {
                "psr-4": {
                    "Julibo\\Msfoole\\": "src\\"
                },
                "files": []
            },
            "notification-url": "https://packagist.org/downloads/",
            "license": [
                "Apache-2.0"
            ],
            "authors": [
                {
                    "name": "carson",
                    "email": "yuzhanwei@aliyun.com",
                    "homepage": "http://msfoole.julibo.com",
                    "role": "Developer"
                }
            ],
            "description": "基于swoole的简易微服务框架",
            "homepage": "http://msfoole.julibo.com/",
            "keywords": [
                "msfoole",
                "msfoole-core",
                "swoole",
                "简易微服务框架"
            ],
            "time": "2019-02-21T07:36:36+00:00"
        },
        {
            "name": "symfony/console",
            "version": "v4.2.3",
            "source": {
                "type": "git",
                "url": "https://github.com/symfony/console.git",
                "reference": "1f0ad51dfde4da8a6070f06adc58b4e37cbb37a4"
            },
            "dist": {
                "type": "zip",
                "url": "https://api.github.com/repos/symfony/console/zipball/1f0ad51dfde4da8a6070f06adc58b4e37cbb37a4",
                "reference": "1f0ad51dfde4da8a6070f06adc58b4e37cbb37a4",
                "shasum": ""
            },
            "require": {
                "php": "^7.1.3",
                "symfony/contracts": "^1.0",
                "symfony/polyfill-mbstring": "~1.0"
            },
            "conflict": {
                "symfony/dependency-injection": "<3.4",
                "symfony/process": "<3.3"
            },
            "provide": {
                "psr/log-implementation": "1.0"
            },
            "require-dev": {
                "psr/log": "~1.0",
                "symfony/config": "~3.4|~4.0",
                "symfony/dependency-injection": "~3.4|~4.0",
                "symfony/event-dispatcher": "~3.4|~4.0",
                "symfony/lock": "~3.4|~4.0",
                "symfony/process": "~3.4|~4.0"
            },
            "suggest": {
                "psr/log": "For using the console logger",
                "symfony/event-dispatcher": "",
                "symfony/lock": "",
                "symfony/process": ""
            },
            "type": "library",
            "extra": {
                "branch-alias": {
                    "dev-master": "4.2-dev"
                }
            },
            "autoload": {
                "psr-4": {
                    "Symfony\\Component\\Console\\": ""
                },
                "exclude-from-classmap": [
                    "/Tests/"
                ]
            },
            "notification-url": "https://packagist.org/downloads/",
            "license": [
                "MIT"
            ],
            "authors": [
                {
                    "name": "Fabien Potencier",
                    "email": "fabien@symfony.com"
                },
                {
                    "name": "Symfony Community",
                    "homepage": "https://symfony.com/contributors"
                }
            ],
            "description": "Symfony Console Component",
            "homepage": "https://symfony.com",
            "time": "2019-01-25T14:35:16+00:00"
        },
        {
            "name": "symfony/contracts",
            "version": "v1.0.2",
            "source": {
                "type": "git",
                "url": "https://github.com/symfony/contracts.git",
                "reference": "1aa7ab2429c3d594dd70689604b5cf7421254cdf"
            },
            "dist": {
                "type": "zip",
                "url": "https://api.github.com/repos/symfony/contracts/zipball/1aa7ab2429c3d594dd70689604b5cf7421254cdf",
                "reference": "1aa7ab2429c3d594dd70689604b5cf7421254cdf",
                "shasum": ""
            },
            "require": {
                "php": "^7.1.3"
            },
            "require-dev": {
                "psr/cache": "^1.0",
                "psr/container": "^1.0"
            },
            "suggest": {
                "psr/cache": "When using the Cache contracts",
                "psr/container": "When using the Service contracts",
                "symfony/cache-contracts-implementation": "",
                "symfony/service-contracts-implementation": "",
                "symfony/translation-contracts-implementation": ""
            },
            "type": "library",
            "extra": {
                "branch-alias": {
                    "dev-master": "1.0-dev"
                }
            },
            "autoload": {
                "psr-4": {
                    "Symfony\\Contracts\\": ""
                },
                "exclude-from-classmap": [
                    "**/Tests/"
                ]
            },
            "notification-url": "https://packagist.org/downloads/",
            "license": [
                "MIT"
            ],
            "authors": [
                {
                    "name": "Nicolas Grekas",
                    "email": "p@tchwork.com"
                },
                {
                    "name": "Symfony Community",
                    "homepage": "https://symfony.com/contributors"
                }
            ],
            "description": "A set of abstractions extracted out of the Symfony components",
            "homepage": "https://symfony.com",
            "keywords": [
                "abstractions",
                "contracts",
                "decoupling",
                "interfaces",
                "interoperability",
                "standards"
            ],
            "time": "2018-12-05T08:06:11+00:00"
        },
        {
            "name": "symfony/polyfill-ctype",
            "version": "v1.10.0",
            "source": {
                "type": "git",
                "url": "https://github.com/symfony/polyfill-ctype.git",
                "reference": "e3d826245268269cd66f8326bd8bc066687b4a19"
            },
            "dist": {
                "type": "zip",
                "url": "https://api.github.com/repos/symfony/polyfill-ctype/zipball/e3d826245268269cd66f8326bd8bc066687b4a19",
                "reference": "e3d826245268269cd66f8326bd8bc066687b4a19",
                "shasum": ""
            },
            "require": {
                "php": ">=5.3.3"
            },
            "suggest": {
                "ext-ctype": "For best performance"
            },
            "type": "library",
            "extra": {
                "branch-alias": {
                    "dev-master": "1.9-dev"
                }
            },
            "autoload": {
                "psr-4": {
                    "Symfony\\Polyfill\\Ctype\\": ""
                },
                "files": [
                    "bootstrap.php"
                ]
            },
            "notification-url": "https://packagist.org/downloads/",
            "license": [
                "MIT"
            ],
            "authors": [
                {
                    "name": "Symfony Community",
                    "homepage": "https://symfony.com/contributors"
                },
                {
                    "name": "Gert de Pagter",
                    "email": "BackEndTea@gmail.com"
                }
            ],
            "description": "Symfony polyfill for ctype functions",
            "homepage": "https://symfony.com",
            "keywords": [
                "compatibility",
                "ctype",
                "polyfill",
                "portable"
            ],
            "time": "2018-08-06T14:22:27+00:00"
        },
        {
            "name": "symfony/polyfill-mbstring",
            "version": "v1.10.0",
            "source": {
                "type": "git",
                "url": "https://github.com/symfony/polyfill-mbstring.git",
                "reference": "c79c051f5b3a46be09205c73b80b346e4153e494"
            },
            "dist": {
                "type": "zip",
                "url": "https://api.github.com/repos/symfony/polyfill-mbstring/zipball/c79c051f5b3a46be09205c73b80b346e4153e494",
                "reference": "c79c051f5b3a46be09205c73b80b346e4153e494",
                "shasum": ""
            },
            "require": {
                "php": ">=5.3.3"
            },
            "suggest": {
                "ext-mbstring": "For best performance"
            },
            "type": "library",
            "extra": {
                "branch-alias": {
                    "dev-master": "1.9-dev"
                }
            },
            "autoload": {
                "psr-4": {
                    "Symfony\\Polyfill\\Mbstring\\": ""
                },
                "files": [
                    "bootstrap.php"
                ]
            },
            "notification-url": "https://packagist.org/downloads/",
            "license": [
                "MIT"
            ],
            "authors": [
                {
                    "name": "Nicolas Grekas",
                    "email": "p@tchwork.com"
                },
                {
                    "name": "Symfony Community",
                    "homepage": "https://symfony.com/contributors"
                }
            ],
            "description": "Symfony polyfill for the Mbstring extension",
            "homepage": "https://symfony.com",
            "keywords": [
                "compatibility",
                "mbstring",
                "polyfill",
                "portable",
                "shim"
            ],
            "time": "2018-09-21T13:07:52+00:00"
        },
        {
            "name": "symfony/yaml",
            "version": "v4.2.3",
            "source": {
                "type": "git",
                "url": "https://github.com/symfony/yaml.git",
                "reference": "d461670ee145092b7e2a56c1da7118f19cadadb0"
            },
            "dist": {
                "type": "zip",
                "url": "https://api.github.com/repos/symfony/yaml/zipball/d461670ee145092b7e2a56c1da7118f19cadadb0",
                "reference": "d461670ee145092b7e2a56c1da7118f19cadadb0",
                "shasum": ""
            },
            "require": {
                "php": "^7.1.3",
                "symfony/polyfill-ctype": "~1.8"
            },
            "conflict": {
                "symfony/console": "<3.4"
            },
            "require-dev": {
                "symfony/console": "~3.4|~4.0"
            },
            "suggest": {
                "symfony/console": "For validating YAML files using the lint command"
            },
            "type": "library",
            "extra": {
                "branch-alias": {
                    "dev-master": "4.2-dev"
                }
            },
            "autoload": {
                "psr-4": {
                    "Symfony\\Component\\Yaml\\": ""
                },
                "exclude-from-classmap": [
                    "/Tests/"
                ]
            },
            "notification-url": "https://packagist.org/downloads/",
            "license": [
                "MIT"
            ],
            "authors": [
                {
                    "name": "Fabien Potencier",
                    "email": "fabien@symfony.com"
                },
                {
                    "name": "Symfony Community",
                    "homepage": "https://symfony.com/contributors"
                }
            ],
            "description": "Symfony Yaml Component",
            "homepage": "https://symfony.com",
            "time": "2019-01-16T20:35:37+00:00"
        },
        {
            "name": "topthink/think-cache",
            "version": "dev-master",
            "source": {
                "type": "git",
                "url": "https://github.com/top-think/think-cache.git",
                "reference": "f7f2cb46270cc1951bb847ae756af11763e83d5e"
            },
            "dist": {
                "type": "zip",
                "url": "https://api.github.com/repos/top-think/think-cache/zipball/f7f2cb46270cc1951bb847ae756af11763e83d5e",
                "reference": "f7f2cb46270cc1951bb847ae756af11763e83d5e",
                "shasum": ""
            },
            "require": {
                "php": ">=5.6.0"
            },
            "type": "library",
            "autoload": {
                "psr-4": {
                    "think\\": "src"
                },
                "files": []
            },
            "notification-url": "https://packagist.org/downloads/",
            "license": [
                "Apache-2.0"
            ],
            "authors": [
                {
                    "name": "liu21st",
                    "email": "liu21st@gmail.com"
                }
            ],
            "description": "Cache Manager",
            "time": "2018-03-20T08:15:54+00:00"
        },
        {
            "name": "topthink/think-container",
            "version": "dev-master",
            "source": {
                "type": "git",
                "url": "https://github.com/top-think/think-container.git",
                "reference": "8ded32bb072945f11d20507af4064f523f42cd03"
            },
            "dist": {
                "type": "zip",
                "url": "https://api.github.com/repos/top-think/think-container/zipball/8ded32bb072945f11d20507af4064f523f42cd03",
                "reference": "8ded32bb072945f11d20507af4064f523f42cd03",
                "shasum": ""
            },
            "require": {
                "php": ">=5.5.0"
            },
            "type": "library",
            "autoload": {
                "psr-4": {
                    "think\\": "src"
                },
                "files": []
            },
            "notification-url": "https://packagist.org/downloads/",
            "license": [
                "Apache-2.0"
            ],
            "authors": [
                {
                    "name": "liu21st",
                    "email": "liu21st@gmail.com"
                }
            ],
            "description": "PHP Container & Facade Manager",
            "time": "2017-12-01T09:11:57+00:00"
        },
        {
            "name": "topthink/think-helper",
            "version": "dev-master",
            "source": {
                "type": "git",
                "url": "https://github.com/top-think/think-helper.git",
                "reference": "5f92178606c8ce131d36b37a57c58eb71e55f019"
            },
            "dist": {
                "type": "zip",
                "url": "https://api.github.com/repos/top-think/think-helper/zipball/5f92178606c8ce131d36b37a57c58eb71e55f019",
                "reference": "5f92178606c8ce131d36b37a57c58eb71e55f019",
                "shasum": ""
            },
            "type": "library",
            "autoload": {
                "psr-4": {
                    "think\\helper\\": "src"
                },
                "files": [
                    "src/helper.php"
                ]
            },
            "notification-url": "https://packagist.org/downloads/",
            "license": [
                "Apache-2.0"
            ],
            "authors": [
                {
                    "name": "yunwuxin",
                    "email": "448901948@qq.com"
                }
            ],
            "description": "The ThinkPHP5 Helper Package",
            "time": "2018-10-05T00:43:21+00:00"
        },
        {
            "name": "topthink/think-log",
            "version": "dev-master",
            "source": {
                "type": "git",
                "url": "https://github.com/top-think/think-log.git",
                "reference": "f08240ec4f46a5a284c17aec86c68c59fde9346b"
            },
            "dist": {
                "type": "zip",
                "url": "https://api.github.com/repos/top-think/think-log/zipball/f08240ec4f46a5a284c17aec86c68c59fde9346b",
                "reference": "f08240ec4f46a5a284c17aec86c68c59fde9346b",
                "shasum": ""
            },
            "require": {
                "php": ">=5.6.0"
            },
            "type": "library",
            "autoload": {
                "psr-4": {
                    "think\\": "src"
                }
            },
            "notification-url": "https://packagist.org/downloads/",
            "license": [
                "Apache-2.0"
            ],
            "authors": [
                {
                    "name": "liu21st",
                    "email": "liu21st@gmail.com"
                }
            ],
            "description": "think log",
            "time": "2018-01-30T14:50:10+00:00"
        },
        {
            "name": "topthink/think-orm",
            "version": "dev-master",
            "source": {
                "type": "git",
                "url": "https://github.com/top-think/think-orm.git",
                "reference": "ef0e07b305050cf11287b38c4fa7946dc881277a"
            },
            "dist": {
                "type": "zip",
                "url": "https://api.github.com/repos/top-think/think-orm/zipball/ef0e07b305050cf11287b38c4fa7946dc881277a",
                "reference": "ef0e07b305050cf11287b38c4fa7946dc881277a",
                "shasum": ""
            },
            "require": {
                "php": ">=5.6.0"
            },
            "type": "library",
            "autoload": {
                "psr-4": {
                    "think\\": "src"
                },
                "files": [
                    "src/config.php"
                ]
            },
            "notification-url": "https://packagist.org/downloads/",
            "license": [
                "Apache-2.0"
            ],
            "authors": [
                {
                    "name": "liu21st",
                    "email": "liu21st@gmail.com"
                }
            ],
            "description": "think orm",
            "keywords": [
                "database",
                "orm"
            ],
            "time": "2019-02-16T03:37:12+00:00"
        },
        {
            "name": "topthink/think-validate",
            "version": "dev-master",
            "source": {
                "type": "git",
                "url": "https://github.com/top-think/think-validate.git",
                "reference": "6422f1a9c68996dd66171a28a15506aeee139b89"
            },
            "dist": {
                "type": "zip",
                "url": "https://api.github.com/repos/top-think/think-validate/zipball/6422f1a9c68996dd66171a28a15506aeee139b89",
                "reference": "6422f1a9c68996dd66171a28a15506aeee139b89",
                "shasum": ""
            },
            "require": {
                "php": ">=5.6.0"
            },
            "type": "library",
            "autoload": {
                "psr-4": {
                    "think\\": "src"
                },
                "files": []
            },
            "notification-url": "https://packagist.org/downloads/",
            "license": [
                "Apache-2.0"
            ],
            "authors": [
                {
                    "name": "liu21st",
                    "email": "liu21st@gmail.com"
                }
            ],
            "description": "think validate",
            "time": "2018-03-09T09:48:11+00:00"
        }
    ],
    "packages-dev": [
        {
            "name": "easyswoole/swoole-ide-helper",
            "version": "dev-master",
            "source": {
                "type": "git",
                "url": "https://github.com/easy-swoole/ide-helper.git",
                "reference": "a6c7e013934b0663e1dac41cdc5dc5c85534c331"
            },
            "dist": {
                "type": "zip",
                "url": "https://api.github.com/repos/easy-swoole/ide-helper/zipball/a6c7e013934b0663e1dac41cdc5dc5c85534c331",
                "reference": "a6c7e013934b0663e1dac41cdc5dc5c85534c331",
                "shasum": ""
            },
            "type": "library",
            "notification-url": "https://packagist.org/downloads/",
            "license": [
                "Apache-2.0"
            ],
            "authors": [
                {
                    "name": "Team Swoole",
                    "email": "team@swoole.com"
                }
            ],
            "description": "swoole-ide-helper",
            "time": "2018-12-25T07:27:15+00:00"
        }
    ],
    "aliases": [],
    "minimum-stability": "dev",
    "stability-flags": {
        "julibo/msfoole-core": 20,
        "easyswoole/swoole-ide-helper": 20
    },
    "prefer-stable": true,
    "prefer-lowest": false,
    "platform": [],
    "platform-dev": []
}
